
Microsoft Visual Studio Solution File, Format Version 12.00
# Visual Studio Version 16
VisualStudioVersion = 16.0.31019.35
MinimumVisualStudioVersion = 10.0.40219.1
Project("{FAE04EC0-301F-11D3-BF4B-00C04F79EFBC}") = "практика механика", "практика механика.csproj", "{19593BD2-131F-4CF3-807D-626E0C482830}"
EndProject
Global
	GlobalSection(SolutionConfigurationPlatforms) = preSolution
		Debug|Any CPU = Debug|Any CPU
		Release|Any CPU = Release|Any CPU
	EndGlobalSection
	GlobalSection(ProjectConfigurationPlatforms) = postSolution
		{19593BD2-131F-4CF3-807D-626E0C482830}.Debug|Any CPU.ActiveCfg = Debug|Any CPU
		{19593BD2-131F-4CF3-807D-626E0C482830}.Debug|Any CPU.Build.0 = Debug|Any CPU
		{19593BD2-131F-4CF3-807D-626E0C482830}.Release|Any CPU.ActiveCfg = Release|Any CPU
		{19593BD2-131F-4CF3-807D-626E0C482830}.Release|Any CPU.Build.0 = Release|Any CPU
	EndGlobalSection
	GlobalSection(SolutionProperties) = preSolution
		HideSolutionNode = FALSE
	EndGlobalSection
	GlobalSection(ExtensibilityGlobals) = postSolution
		SolutionGuid = {98A66D61-D9C9-4C64-87BC-D2FBBBFD620B}
	EndGlobalSection
EndGlobal
